
Microsoft Visual Studio Solution File, Format Version 12.00
# Visual Studio 15
VisualStudioVersion = 15.0.28307.271
MinimumVisualStudioVersion = 10.0.40219.1
Project("{FAE04EC0-301F-11D3-BF4B-00C04F79EFBC}") = "intro", "intro\intro.csproj", "{BECEB8C6-4DF1-43C8-8D2C-E3D2619B4DDB}"
EndProject
Global
	GlobalSection(SolutionConfigurationPlatforms) = preSolution
		Debug|Any CPU = Debug|Any CPU
		Release|Any CPU = Release|Any CPU
	EndGlobalSection
	GlobalSection(ProjectConfigurationPlatforms) = postSolution
		{BECEB8C6-4DF1-43C8-8D2C-E3D2619B4DDB}.Debug|Any CPU.ActiveCfg = Debug|Any CPU
		{BECEB8C6-4DF1-43C8-8D2C-E3D2619B4DDB}.Debug|Any CPU.Build.0 = Debug|Any CPU
		{BECEB8C6-4DF1-43C8-8D2C-E3D2619B4DDB}.Release|Any CPU.ActiveCfg = Release|Any CPU
		{BECEB8C6-4DF1-43C8-8D2C-E3D2619B4DDB}.Release|Any CPU.Build.0 = Release|Any CPU
	EndGlobalSection
	GlobalSection(SolutionProperties) = preSolution
		HideSolutionNode = FALSE
	EndGlobalSection
	GlobalSection(ExtensibilityGlobals) = postSolution
		SolutionGuid = {7A3B2026-BF2C-49FA-8D8F-196D4BA27E8F}
	EndGlobalSection
EndGlobal
