
Microsoft Visual Studio Solution File, Format Version 12.00
# Visual Studio 15
VisualStudioVersion = 15.0.28307.271
MinimumVisualStudioVersion = 10.0.40219.1
Project("{FAE04EC0-301F-11D3-BF4B-00C04F79EFBC}") = "intro", "intro\intro.csproj", "{2BEBE457-39BC-4F2A-8868-C4E67E800A1F}"
EndProject
Global
	GlobalSection(SolutionConfigurationPlatforms) = preSolution
		Debug|Any CPU = Debug|Any CPU
		Release|Any CPU = Release|Any CPU
	EndGlobalSection
	GlobalSection(ProjectConfigurationPlatforms) = postSolution
		{2BEBE457-39BC-4F2A-8868-C4E67E800A1F}.Debug|Any CPU.ActiveCfg = Debug|Any CPU
		{2BEBE457-39BC-4F2A-8868-C4E67E800A1F}.Debug|Any CPU.Build.0 = Debug|Any CPU
		{2BEBE457-39BC-4F2A-8868-C4E67E800A1F}.Release|Any CPU.ActiveCfg = Release|Any CPU
		{2BEBE457-39BC-4F2A-8868-C4E67E800A1F}.Release|Any CPU.Build.0 = Release|Any CPU
	EndGlobalSection
	GlobalSection(SolutionProperties) = preSolution
		HideSolutionNode = FALSE
	EndGlobalSection
	GlobalSection(ExtensibilityGlobals) = postSolution
		SolutionGuid = {6A5B55B4-B513-4611-85E5-F9A6949CFDD4}
	EndGlobalSection
EndGlobal
